{
  "name": "hxui",
  "version": "1.0.0",
  "lockfileVersion": 1,
  "requires": true,
  "dependencies": {
    "clean-webpack-plugin": {
      "version": "0.1.16",
      "resolved": "https://registry.npmjs.org/clean-webpack-plugin/-/clean-webpack-plugin-0.1.16.tgz",
      "integrity": "sha1-QiqOFQvz1av9PRS/rLBw6A+y4j8=",
      "dev": true
    },
    "css-loader": {
      "version": "0.28.4",
      "resolved": "https://registry.npmjs.org/css-loader/-/css-loader-0.28.4.tgz",
      "integrity": "sha1-bPNXkZLONV6LONX0Ldeh8uyJjQ8=",
      "dev": true,
      "dependencies": {
        "source-list-map": {
          "version": "0.1.8",
          "resolved": "https://registry.npmjs.org/source-list-map/-/source-list-map-0.1.8.tgz",
          "integrity": "sha1-xVCyq1Qn9rPyH1r+rYjE9Vh7IQY="
        }
      }
    },
    "file-loader": {
      "version": "0.11.2",
      "resolved": "https://registry.npmjs.org/file-loader/-/file-loader-0.11.2.tgz",
      "integrity": "sha512-N+uhF3mswIFeziHQjGScJ/yHXYt3DiLBeC+9vWW+WjUBiClMSOlV1YrXQi+7KM2aA3Rn4Bybgv+uXFQbfkzpvg==",
      "dev": true
    },
    "html-webpack-plugin": {
      "version": "2.29.0",
      "resolved": "https://registry.npmjs.org/html-webpack-plugin/-/html-webpack-plugin-2.29.0.tgz",
      "integrity": "sha1-6Yf0IYU9O2k4yMTIFxhC5f0XryM=",
      "dev": true,
      "dependencies": {
        "loader-utils": {
          "version": "0.2.17",
          "resolved": "https://registry.npmjs.org/loader-utils/-/loader-utils-0.2.17.tgz",
          "integrity": "sha1-+G5jdNQyBabmxg6RlvF8Apm/s0g="
        }
      }
    },
    "lodash": {
      "version": "4.17.13",
      "resolved": "https://registry.npmjs.org/lodash/-/lodash-4.17.13.tgz",
      "integrity": "sha512-vm3/XWXfWtRua0FkUyEHBZy8kCPjErNBT9fJx8Zvs+U6zjqPbTUOpkaoum3O5uiA8sm+yNMHXfYkTUHFoMxFNA=="
    },
    "style-loader": {
      "version": "0.18.2",
      "resolved": "https://registry.npmjs.org/style-loader/-/style-loader-0.18.2.tgz",
      "integrity": "sha512-WPpJPZGUxWYHWIUMNNOYqql7zh85zGmr84FdTVWq52WTIkqlW9xSxD3QYWi/T31cqn9UNSsietVEgGn2aaSCzw==",
      "dev": true
    },
    "url-loader": {
      "version": "0.5.9",
      "resolved": "https://registry.npmjs.org/url-loader/-/url-loader-0.5.9.tgz",
      "integrity": "sha512-B7QYFyvv+fOBqBVeefsxv6koWWtjmHaMFT6KZWti4KRw8YUD/hOU+3AECvXuzyVawIBx3z7zQRejXCDSO5kk1Q==",
      "dev": true
    },
    "webpack": {
      "version": "3.3.0",
      "resolved": "https://registry.npmjs.org/webpack/-/webpack-3.3.0.tgz",
      "integrity": "sha1-zi+eB2Vmq6kfdIhxM6iD/X2hh7w=",
      "dev": true
    }
  }
}
